
Microsoft Visual Studio Solution File, Format Version 12.00
Project("{FAE04EC0-301F-11D3-BF4B-00C04F79EFBC}") = "Http", "Http\Http.csproj", "{D1D46E4B-440D-4C5C-8098-02F0D181C5F8}"
EndProject
Global
	GlobalSection(SolutionConfigurationPlatforms) = preSolution
		Debug|Any CPU = Debug|Any CPU
		Release|Any CPU = Release|Any CPU
	EndGlobalSection
	GlobalSection(ProjectConfigurationPlatforms) = postSolution
		{D1D46E4B-440D-4C5C-8098-02F0D181C5F8}.Debug|Any CPU.ActiveCfg = Debug|Any CPU
		{D1D46E4B-440D-4C5C-8098-02F0D181C5F8}.Debug|Any CPU.Build.0 = Debug|Any CPU
		{D1D46E4B-440D-4C5C-8098-02F0D181C5F8}.Release|Any CPU.ActiveCfg = Release|Any CPU
		{D1D46E4B-440D-4C5C-8098-02F0D181C5F8}.Release|Any CPU.Build.0 = Release|Any CPU
	EndGlobalSection
EndGlobal
